
Microsoft Visual Studio Solution File, Format Version 11.00
# Visual C++ Express 2010
Project("{8BC9CEB8-8B4A-11D0-8D11-00A0C91BC942}") = "一个用c语言写的小游戏", "一个用c语言写的小游戏\一个用c语言写的小游戏.vcxproj", "{4AE5568C-070A-47AA-AF0D-1208D56CB61E}"
EndProject
Global
	GlobalSection(SolutionConfigurationPlatforms) = preSolution
		Debug|Win32 = Debug|Win32
		Release|Win32 = Release|Win32
	EndGlobalSection
	GlobalSection(ProjectConfigurationPlatforms) = postSolution
		{4AE5568C-070A-47AA-AF0D-1208D56CB61E}.Debug|Win32.ActiveCfg = Debug|Win32
		{4AE5568C-070A-47AA-AF0D-1208D56CB61E}.Debug|Win32.Build.0 = Debug|Win32
		{4AE5568C-070A-47AA-AF0D-1208D56CB61E}.Release|Win32.ActiveCfg = Release|Win32
		{4AE5568C-070A-47AA-AF0D-1208D56CB61E}.Release|Win32.Build.0 = Release|Win32
	EndGlobalSection
	GlobalSection(SolutionProperties) = preSolution
		HideSolutionNode = FALSE
	EndGlobalSection
EndGlobal
